Microsoft Visual Studio Solution File, Format Version 12.00
# Visual Studio 2012
Project("{2150E333-8FDC-42A3-9474-1A3956D46DE8}") = "2.Wojoz.Framework", "2.Wojoz.Framework", "{A7C90FD3-C643-4831-BF79-7732D14CCD06}"
EndProject
Project("{2150E333-8FDC-42A3-9474-1A3956D46DE8}") = "5.Wojoz.Presentation", "5.Wojoz.Presentation", "{094C531D-C3F9-411A-A2EB-FAA926FDEFE8}"
EndProject
Project("{2150E333-8FDC-42A3-9474-1A3956D46DE8}") = "3.Wojoz.Plugins", "3.Wojoz.Plugins", "{EEB7B25C-02F7-492C-AC70-D407B3E1B71B}"
EndProject
Project("{2150E333-8FDC-42A3-9474-1A3956D46DE8}") = "1.Wojoz.Document", "1.Wojoz.Document", "{A5F96FEE-AB16-469F-8550-A536A4623A43}"
	ProjectSection(SolutionItems) = preProject
		Readme!.txt = Readme!.txt
	EndProjectSection
EndProject
Project("{2150E333-8FDC-42A3-9474-1A3956D46DE8}") = "4.Wojoz.CodeBuilder", "4.Wojoz.CodeBuilder", "{082A2778-280C-4A42-96AB-156D2C5B0360}"
EndProject
Project("{FAE04EC0-301F-11D3-BF4B-00C04F79EFBC}") = "Wojoz.Web", "Wojoz.Web\Wojoz.Web.csproj", "{D7AF9C35-2A49-431C-A6FA-73946E035F94}"
EndProject
Project("{FAE04EC0-301F-11D3-BF4B-00C04F79EFBC}") = "Wojoz.Utilities", "Wojoz.Utilities\Wojoz.Utilities.csproj", "{29031F54-EB9E-4E6E-8F93-699492325748}"
EndProject
Project("{FAE04EC0-301F-11D3-BF4B-00C04F79EFBC}") = "Wojoz.Resources", "Wojoz.Resources\Wojoz.Resources.csproj", "{F0514D5A-704E-4212-B171-42DCDC9301D9}"
EndProject
Project("{FAE04EC0-301F-11D3-BF4B-00C04F79EFBC}") = "Wojoz.IDAL", "Wojoz.IDAL\Wojoz.IDAL.csproj", "{183CDA59-27FB-4B7F-BFF3-21AEC99C04A8}"
EndProject
Project("{FAE04EC0-301F-11D3-BF4B-00C04F79EFBC}") = "Wojoz.DALFactory", "Wojoz.DALFactory\Wojoz.DALFactory.csproj", "{1F5604F5-F93B-4555-A381-EEA0481C1525}"
EndProject
Project("{FAE04EC0-301F-11D3-BF4B-00C04F79EFBC}") = "Wojoz.Model", "Wojoz.Model\Wojoz.Model.csproj", "{9C48FBC6-D657-4BA4-B30C-FBBC7AC0952F}"
EndProject
Project("{FAE04EC0-301F-11D3-BF4B-00C04F79EFBC}") = "Wojoz.UI", "Wojoz.UI\Wojoz.UI.csproj", "{228A3D94-785B-46A4-8546-0BC3EB70D884}"
EndProject
Project("{FAE04EC0-301F-11D3-BF4B-00C04F79EFBC}") = "Wojoz.Data", "Wojoz.Data\Wojoz.Data.csproj", "{AFCA14CB-C982-4DEC-83F8-698A8814B954}"
EndProject
Project("{FAE04EC0-301F-11D3-BF4B-00C04F79EFBC}") = "Wojoz.Payment", "Wojoz.Payment\Wojoz.Payment.csproj", "{60E9E433-B824-42AB-A2C1-48AD900E5F18}"
EndProject
Project("{FAE04EC0-301F-11D3-BF4B-00C04F79EFBC}") = "Wojoz.URLRewriter", "Wojoz.URLRewriter\Wojoz.URLRewriter.csproj", "{15E163FB-CA92-4F5A-BA3E-4B559288EB37}"
EndProject
Project("{FAE04EC0-301F-11D3-BF4B-00C04F79EFBC}") = "Wojoz.Config", "Wojoz.Config\Wojoz.Config.csproj", "{F732934C-A3B1-404B-942E-8FE2853D4551}"
EndProject
Project("{FAE04EC0-301F-11D3-BF4B-00C04F79EFBC}") = "Wojoz.Cache", "Wojoz.Cache\Wojoz.Cache.csproj", "{5C04E98E-9BC5-4C01-B69B-8CED9A6A181B}"
EndProject
Project("{FAE04EC0-301F-11D3-BF4B-00C04F79EFBC}") = "Wojoz.Shipping", "Wojoz.Shipping\Wojoz.Shipping.csproj", "{86ACCE3B-A7D3-4B8A-98A8-D9ABABBCAC8A}"
EndProject
Project("{FAE04EC0-301F-11D3-BF4B-00C04F79EFBC}") = "Wojoz.Data.SqlServer", "Wojoz.Data.SqlServer\Wojoz.Data.SqlServer.csproj", "{0EBCBDAE-BBC7-4794-A425-7C4E57EA64BA}"
EndProject
Project("{FAE04EC0-301F-11D3-BF4B-00C04F79EFBC}") = "Wojoz.Services", "Wojoz.Services\Wojoz.Services.csproj", "{EA7E30C1-B15B-4F93-9DDF-68E33D3F7E45}"
EndProject
Project("{FAE04EC0-301F-11D3-BF4B-00C04F79EFBC}") = "Wojoz.WebPortal", "Wojoz.WebPortal\Wojoz.WebPortal.csproj", "{30857B7C-92C2-4EC2-AD3C-15510034491E}"
EndProject
Project("{FAE04EC0-301F-11D3-BF4B-00C04F79EFBC}") = "Wojoz.CodeBuilder", "Wojoz.CodeBuilder\Wojoz.CodeBuilder.csproj", "{FE04D650-2365-4900-ADC7-A73FFE3FDBC2}"
EndProject
Project("{FAE04EC0-301F-11D3-BF4B-00C04F79EFBC}") = "Wojoz.BLL", "Wojoz.BLL\Wojoz.BLL.csproj", "{BE6CC1DF-EBB3-445C-9B70-87E578B31750}"
EndProject
Global
	GlobalSection(SolutionConfigurationPlatforms) = preSolution
		Debug|Any CPU = Debug|Any CPU
		Debug|Mixed Platforms = Debug|Mixed Platforms
		Debug|x86 = Debug|x86
		Release|Any CPU = Release|Any CPU
		Release|Mixed Platforms = Release|Mixed Platforms
		Release|x86 = Release|x86
	EndGlobalSection
	GlobalSection(ProjectConfigurationPlatforms) = postSolution
		{D7AF9C35-2A49-431C-A6FA-73946E035F94}.Debug|Any CPU.ActiveCfg = Debug|Any CPU
		{D7AF9C35-2A49-431C-A6FA-73946E035F94}.Debug|Any CPU.Build.0 = Debug|Any CPU
		{D7AF9C35-2A49-431C-A6FA-73946E035F94}.Debug|Mixed Platforms.ActiveCfg = Debug|Any CPU
		{D7AF9C35-2A49-431C-A6FA-73946E035F94}.Debug|Mixed Platforms.Build.0 = Debug|Any CPU
		{D7AF9C35-2A49-431C-A6FA-73946E035F94}.Debug|x86.ActiveCfg = Debug|Any CPU
		{D7AF9C35-2A49-431C-A6FA-73946E035F94}.Release|Any CPU.ActiveCfg = Release|Any CPU
		{D7AF9C35-2A49-431C-A6FA-73946E035F94}.Release|Any CPU.Build.0 = Release|Any CPU
		{D7AF9C35-2A49-431C-A6FA-73946E035F94}.Release|Mixed Platforms.ActiveCfg = Release|Any CPU
		{D7AF9C35-2A49-431C-A6FA-73946E035F94}.Release|Mixed Platforms.Build.0 = Release|Any CPU
		{D7AF9C35-2A49-431C-A6FA-73946E035F94}.Release|x86.ActiveCfg = Release|Any CPU
		{29031F54-EB9E-4E6E-8F93-699492325748}.Debug|Any CPU.ActiveCfg = Debug|Any CPU
		{29031F54-EB9E-4E6E-8F93-699492325748}.Debug|Any CPU.Build.0 = Debug|Any CPU
		{29031F54-EB9E-4E6E-8F93-699492325748}.Debug|Mixed Platforms.ActiveCfg = Debug|Any CPU
		{29031F54-EB9E-4E6E-8F93-699492325748}.Debug|Mixed Platforms.Build.0 = Debug|Any CPU
		{29031F54-EB9E-4E6E-8F93-699492325748}.Debug|x86.ActiveCfg = Debug|Any CPU
		{29031F54-EB9E-4E6E-8F93-699492325748}.Release|Any CPU.ActiveCfg = Release|Any CPU
		{29031F54-EB9E-4E6E-8F93-699492325748}.Release|Any CPU.Build.0 = Release|Any CPU
		{29031F54-EB9E-4E6E-8F93-699492325748}.Release|Mixed Platforms.ActiveCfg = Release|Any CPU
		{29031F54-EB9E-4E6E-8F93-699492325748}.Release|Mixed Platforms.Build.0 = Release|Any CPU
		{29031F54-EB9E-4E6E-8F93-699492325748}.Release|x86.ActiveCfg = Release|Any CPU
		{F0514D5A-704E-4212-B171-42DCDC9301D9}.Debug|Any CPU.ActiveCfg = Debug|Any CPU
		{F0514D5A-704E-4212-B171-42DCDC9301D9}.Debug|Any CPU.Build.0 = Debug|Any CPU
		{F0514D5A-704E-4212-B171-42DCDC9301D9}.Debug|Mixed Platforms.ActiveCfg = Debug|Any CPU
		{F0514D5A-704E-4212-B171-42DCDC9301D9}.Debug|Mixed Platforms.Build.0 = Debug|Any CPU
		{F0514D5A-704E-4212-B171-42DCDC9301D9}.Debug|x86.ActiveCfg = Debug|Any CPU
		{F0514D5A-704E-4212-B171-42DCDC9301D9}.Release|Any CPU.ActiveCfg = Release|Any CPU
		{F0514D5A-704E-4212-B171-42DCDC9301D9}.Release|Any CPU.Build.0 = Release|Any CPU
		{F0514D5A-704E-4212-B171-42DCDC9301D9}.Release|Mixed Platforms.ActiveCfg = Release|Any CPU
		{F0514D5A-704E-4212-B171-42DCDC9301D9}.Release|Mixed Platforms.Build.0 = Release|Any CPU
		{F0514D5A-704E-4212-B171-42DCDC9301D9}.Release|x86.ActiveCfg = Release|Any CPU
		{183CDA59-27FB-4B7F-BFF3-21AEC99C04A8}.Debug|Any CPU.ActiveCfg = Debug|Any CPU
		{183CDA59-27FB-4B7F-BFF3-21AEC99C04A8}.Debug|Any CPU.Build.0 = Debug|Any CPU
		{183CDA59-27FB-4B7F-BFF3-21AEC99C04A8}.Debug|Mixed Platforms.ActiveCfg = Debug|Any CPU
		{183CDA59-27FB-4B7F-BFF3-21AEC99C04A8}.Debug|Mixed Platforms.Build.0 = Debug|Any CPU
		{183CDA59-27FB-4B7F-BFF3-21AEC99C04A8}.Debug|x86.ActiveCfg = Debug|Any CPU
		{183CDA59-27FB-4B7F-BFF3-21AEC99C04A8}.Release|Any CPU.ActiveCfg = Release|Any CPU
		{183CDA59-27FB-4B7F-BFF3-21AEC99C04A8}.Release|Any CPU.Build.0 = Release|Any CPU
		{183CDA59-27FB-4B7F-BFF3-21AEC99C04A8}.Release|Mixed Platforms.ActiveCfg = Release|Any CPU
		{183CDA59-27FB-4B7F-BFF3-21AEC99C04A8}.Release|Mixed Platforms.Build.0 = Release|Any CPU
		{183CDA59-27FB-4B7F-BFF3-21AEC99C04A8}.Release|x86.ActiveCfg = Release|Any CPU
		{1F5604F5-F93B-4555-A381-EEA0481C1525}.Debug|Any CPU.ActiveCfg = Debug|Any CPU
		{1F5604F5-F93B-4555-A381-EEA0481C1525}.Debug|Any CPU.Build.0 = Debug|Any CPU
		{1F5604F5-F93B-4555-A381-EEA0481C1525}.Debug|Mixed Platforms.ActiveCfg = Debug|Any CPU
		{1F5604F5-F93B-4555-A381-EEA0481C1525}.Debug|Mixed Platforms.Build.0 = Debug|Any CPU
		{1F5604F5-F93B-4555-A381-EEA0481C1525}.Debug|x86.ActiveCfg = Debug|Any CPU
		{1F5604F5-F93B-4555-A381-EEA0481C1525}.Release|Any CPU.ActiveCfg = Release|Any CPU
		{1F5604F5-F93B-4555-A381-EEA0481C1525}.Release|Any CPU.Build.0 = Release|Any CPU
		{1F5604F5-F93B-4555-A381-EEA0481C1525}.Release|Mixed Platforms.ActiveCfg = Release|Any CPU
		{1F5604F5-F93B-4555-A381-EEA0481C1525}.Release|Mixed Platforms.Build.0 = Release|Any CPU
		{1F5604F5-F93B-4555-A381-EEA0481C1525}.Release|x86.ActiveCfg = Release|Any CPU
		{9C48FBC6-D657-4BA4-B30C-FBBC7AC0952F}.Debug|Any CPU.ActiveCfg = Debug|Any CPU
		{9C48FBC6-D657-4BA4-B30C-FBBC7AC0952F}.Debug|Any CPU.Build.0 = Debug|Any CPU
		{9C48FBC6-D657-4BA4-B30C-FBBC7AC0952F}.Debug|Mixed Platforms.ActiveCfg = Debug|Any CPU
		{9C48FBC6-D657-4BA4-B30C-FBBC7AC0952F}.Debug|Mixed Platforms.Build.0 = Debug|Any CPU
		{9C48FBC6-D657-4BA4-B30C-FBBC7AC0952F}.Debug|x86.ActiveCfg = Debug|Any CPU
		{9C48FBC6-D657-4BA4-B30C-FBBC7AC0952F}.Release|Any CPU.ActiveCfg = Release|Any CPU
		{9C48FBC6-D657-4BA4-B30C-FBBC7AC0952F}.Release|Any CPU.Build.0 = Release|Any CPU
		{9C48FBC6-D657-4BA4-B30C-FBBC7AC0952F}.Release|Mixed Platforms.ActiveCfg = Release|Any CPU
		{9C48FBC6-D657-4BA4-B30C-FBBC7AC0952F}.Release|Mixed Platforms.Build.0 = Release|Any CPU
		{9C48FBC6-D657-4BA4-B30C-FBBC7AC0952F}.Release|x86.ActiveCfg = Release|Any CPU
		{228A3D94-785B-46A4-8546-0BC3EB70D884}.Debug|Any CPU.ActiveCfg = Debug|Any CPU
		{228A3D94-785B-46A4-8546-0BC3EB70D884}.Debug|Any CPU.Build.0 = Debug|Any CPU
		{228A3D94-785B-46A4-8546-0BC3EB70D884}.Debug|Mixed Platforms.ActiveCfg = Debug|Any CPU
		{228A3D94-785B-46A4-8546-0BC3EB70D884}.Debug|Mixed Platforms.Build.0 = Debug|Any CPU
		{228A3D94-785B-46A4-8546-0BC3EB70D884}.Debug|x86.ActiveCfg = Debug|Any CPU
		{228A3D94-785B-46A4-8546-0BC3EB70D884}.Release|Any CPU.ActiveCfg = Release|Any CPU
		{228A3D94-785B-46A4-8546-0BC3EB70D884}.Release|Any CPU.Build.0 = Release|Any CPU
		{228A3D94-785B-46A4-8546-0BC3EB70D884}.Release|Mixed Platforms.ActiveCfg = Release|Any CPU
		{228A3D94-785B-46A4-8546-0BC3EB70D884}.Release|Mixed Platforms.Build.0 = Release|Any CPU
		{228A3D94-785B-46A4-8546-0BC3EB70D884}.Release|x86.ActiveCfg = Release|Any CPU
		{AFCA14CB-C982-4DEC-83F8-698A8814B954}.Debug|Any CPU.ActiveCfg = Debug|Any CPU
		{AFCA14CB-C982-4DEC-83F8-698A8814B954}.Debug|Any CPU.Build.0 = Debug|Any CPU
		{AFCA14CB-C982-4DEC-83F8-698A8814B954}.Debug|Mixed Platforms.ActiveCfg = Debug|Any CPU
		{AFCA14CB-C982-4DEC-83F8-698A8814B954}.Debug|Mixed Platforms.Build.0 = Debug|Any CPU
		{AFCA14CB-C982-4DEC-83F8-698A8814B954}.Debug|x86.ActiveCfg = Debug|Any CPU
		{AFCA14CB-C982-4DEC-83F8-698A8814B954}.Release|Any CPU.ActiveCfg = Release|Any CPU
		{AFCA14CB-C982-4DEC-83F8-698A8814B954}.Release|Any CPU.Build.0 = Release|Any CPU
		{AFCA14CB-C982-4DEC-83F8-698A8814B954}.Release|Mixed Platforms.ActiveCfg = Release|Any CPU
		{AFCA14CB-C982-4DEC-83F8-698A8814B954}.Release|Mixed Platforms.Build.0 = Release|Any CPU
		{AFCA14CB-C982-4DEC-83F8-698A8814B954}.Release|x86.ActiveCfg = Release|Any CPU
		{60E9E433-B824-42AB-A2C1-48AD900E5F18}.Debug|Any CPU.ActiveCfg = Debug|Any CPU
		{60E9E433-B824-42AB-A2C1-48AD900E5F18}.Debug|Any CPU.Build.0 = Debug|Any CPU
		{60E9E433-B824-42AB-A2C1-48AD900E5F18}.Debug|Mixed Platforms.ActiveCfg = Debug|Any CPU
		{60E9E433-B824-42AB-A2C1-48AD900E5F18}.Debug|Mixed Platforms.Build.0 = Debug|Any CPU
		{60E9E433-B824-42AB-A2C1-48AD900E5F18}.Debug|x86.ActiveCfg = Debug|Any CPU
		{60E9E433-B824-42AB-A2C1-48AD900E5F18}.Release|Any CPU.ActiveCfg = Release|Any CPU
		{60E9E433-B824-42AB-A2C1-48AD900E5F18}.Release|Any CPU.Build.0 = Release|Any CPU
		{60E9E433-B824-42AB-A2C1-48AD900E5F18}.Release|Mixed Platforms.ActiveCfg = Release|Any CPU
		{60E9E433-B824-42AB-A2C1-48AD900E5F18}.Release|Mixed Platforms.Build.0 = Release|Any CPU
		{60E9E433-B824-42AB-A2C1-48AD900E5F18}.Release|x86.ActiveCfg = Release|Any CPU
		{15E163FB-CA92-4F5A-BA3E-4B559288EB37}.Debug|Any CPU.ActiveCfg = Debug|Any CPU
		{15E163FB-CA92-4F5A-BA3E-4B559288EB37}.Debug|Any CPU.Build.0 = Debug|Any CPU
		{15E163FB-CA92-4F5A-BA3E-4B559288EB37}.Debug|Mixed Platforms.ActiveCfg = Debug|Any CPU
		{15E163FB-CA92-4F5A-BA3E-4B559288EB37}.Debug|Mixed Platforms.Build.0 = Debug|Any CPU
		{15E163FB-CA92-4F5A-BA3E-4B559288EB37}.Debug|x86.ActiveCfg = Debug|Any CPU
		{15E163FB-CA92-4F5A-BA3E-4B559288EB37}.Release|Any CPU.ActiveCfg = Release|Any CPU
		{15E163FB-CA92-4F5A-BA3E-4B559288EB37}.Release|Any CPU.Build.0 = Release|Any CPU
		{15E163FB-CA92-4F5A-BA3E-4B559288EB37}.Release|Mixed Platforms.ActiveCfg = Release|Any CPU
		{15E163FB-CA92-4F5A-BA3E-4B559288EB37}.Release|Mixed Platforms.Build.0 = Release|Any CPU
		{15E163FB-CA92-4F5A-BA3E-4B559288EB37}.Release|x86.ActiveCfg = Release|Any CPU
		{F732934C-A3B1-404B-942E-8FE2853D4551}.Debug|Any CPU.ActiveCfg = Debug|Any CPU
		{F732934C-A3B1-404B-942E-8FE2853D4551}.Debug|Any CPU.Build.0 = Debug|Any CPU
		{F732934C-A3B1-404B-942E-8FE2853D4551}.Debug|Mixed Platforms.ActiveCfg = Debug|Any CPU
		{F732934C-A3B1-404B-942E-8FE2853D4551}.Debug|Mixed Platforms.Build.0 = Debug|Any CPU
		{F732934C-A3B1-404B-942E-8FE2853D4551}.Debug|x86.ActiveCfg = Debug|Any CPU
		{F732934C-A3B1-404B-942E-8FE2853D4551}.Release|Any CPU.ActiveCfg = Release|Any CPU
		{F732934C-A3B1-404B-942E-8FE2853D4551}.Release|Any CPU.Build.0 = Release|Any CPU
		{F732934C-A3B1-404B-942E-8FE2853D4551}.Release|Mixed Platforms.ActiveCfg = Release|Any CPU
		{F732934C-A3B1-404B-942E-8FE2853D4551}.Release|Mixed Platforms.Build.0 = Release|Any CPU
		{F732934C-A3B1-404B-942E-8FE2853D4551}.Release|x86.ActiveCfg = Release|Any CPU
		{5C04E98E-9BC5-4C01-B69B-8CED9A6A181B}.Debug|Any CPU.ActiveCfg = Debug|Any CPU
		{5C04E98E-9BC5-4C01-B69B-8CED9A6A181B}.Debug|Any CPU.Build.0 = Debug|Any CPU
		{5C04E98E-9BC5-4C01-B69B-8CED9A6A181B}.Debug|Mixed Platforms.ActiveCfg = Debug|Any CPU
		{5C04E98E-9BC5-4C01-B69B-8CED9A6A181B}.Debug|Mixed Platforms.Build.0 = Debug|Any CPU
		{5C04E98E-9BC5-4C01-B69B-8CED9A6A181B}.Debug|x86.ActiveCfg = Debug|Any CPU
		{5C04E98E-9BC5-4C01-B69B-8CED9A6A181B}.Release|Any CPU.ActiveCfg = Release|Any CPU
		{5C04E98E-9BC5-4C01-B69B-8CED9A6A181B}.Release|Any CPU.Build.0 = Release|Any CPU
		{5C04E98E-9BC5-4C01-B69B-8CED9A6A181B}.Release|Mixed Platforms.ActiveCfg = Release|Any CPU
		{5C04E98E-9BC5-4C01-B69B-8CED9A6A181B}.Release|Mixed Platforms.Build.0 = Release|Any CPU
		{5C04E98E-9BC5-4C01-B69B-8CED9A6A181B}.Release|x86.ActiveCfg = Release|Any CPU
		{86ACCE3B-A7D3-4B8A-98A8-D9ABABBCAC8A}.Debug|Any CPU.ActiveCfg = Debug|Any CPU
		{86ACCE3B-A7D3-4B8A-98A8-D9ABABBCAC8A}.Debug|Any CPU.Build.0 = Debug|Any CPU
		{86ACCE3B-A7D3-4B8A-98A8-D9ABABBCAC8A}.Debug|Mixed Platforms.ActiveCfg = Debug|Any CPU
		{86ACCE3B-A7D3-4B8A-98A8-D9ABABBCAC8A}.Debug|Mixed Platforms.Build.0 = Debug|Any CPU
		{86ACCE3B-A7D3-4B8A-98A8-D9ABABBCAC8A}.Debug|x86.ActiveCfg = Debug|Any CPU
		{86ACCE3B-A7D3-4B8A-98A8-D9ABABBCAC8A}.Release|Any CPU.ActiveCfg = Release|Any CPU
		{86ACCE3B-A7D3-4B8A-98A8-D9ABABBCAC8A}.Release|Any CPU.Build.0 = Release|Any CPU
		{86ACCE3B-A7D3-4B8A-98A8-D9ABABBCAC8A}.Release|Mixed Platforms.ActiveCfg = Release|Any CPU
		{86ACCE3B-A7D3-4B8A-98A8-D9ABABBCAC8A}.Release|Mixed Platforms.Build.0 = Release|Any CPU
		{86ACCE3B-A7D3-4B8A-98A8-D9ABABBCAC8A}.Release|x86.ActiveCfg = Release|Any CPU
		{0EBCBDAE-BBC7-4794-A425-7C4E57EA64BA}.Debug|Any CPU.ActiveCfg = Debug|Any CPU
		{0EBCBDAE-BBC7-4794-A425-7C4E57EA64BA}.Debug|Any CPU.Build.0 = Debug|Any CPU
		{0EBCBDAE-BBC7-4794-A425-7C4E57EA64BA}.Debug|Mixed Platforms.ActiveCfg = Debug|Any CPU
		{0EBCBDAE-BBC7-4794-A425-7C4E57EA64BA}.Debug|Mixed Platforms.Build.0 = Debug|Any CPU
		{0EBCBDAE-BBC7-4794-A425-7C4E57EA64BA}.Debug|x86.ActiveCfg = Debug|Any CPU
		{0EBCBDAE-BBC7-4794-A425-7C4E57EA64BA}.Release|Any CPU.ActiveCfg = Release|Any CPU
		{0EBCBDAE-BBC7-4794-A425-7C4E57EA64BA}.Release|Any CPU.Build.0 = Release|Any CPU
		{0EBCBDAE-BBC7-4794-A425-7C4E57EA64BA}.Release|Mixed Platforms.ActiveCfg = Release|Any CPU
		{0EBCBDAE-BBC7-4794-A425-7C4E57EA64BA}.Release|Mixed Platforms.Build.0 = Release|Any CPU
		{0EBCBDAE-BBC7-4794-A425-7C4E57EA64BA}.Release|x86.ActiveCfg = Release|Any CPU
		{EA7E30C1-B15B-4F93-9DDF-68E33D3F7E45}.Debug|Any CPU.ActiveCfg = Debug|Any CPU
		{EA7E30C1-B15B-4F93-9DDF-68E33D3F7E45}.Debug|Any CPU.Build.0 = Debug|Any CPU
		{EA7E30C1-B15B-4F93-9DDF-68E33D3F7E45}.Debug|Mixed Platforms.ActiveCfg = Debug|Any CPU
		{EA7E30C1-B15B-4F93-9DDF-68E33D3F7E45}.Debug|Mixed Platforms.Build.0 = Debug|Any CPU
		{EA7E30C1-B15B-4F93-9DDF-68E33D3F7E45}.Debug|x86.ActiveCfg = Debug|Any CPU
		{EA7E30C1-B15B-4F93-9DDF-68E33D3F7E45}.Release|Any CPU.ActiveCfg = Release|Any CPU
		{EA7E30C1-B15B-4F93-9DDF-68E33D3F7E45}.Release|Any CPU.Build.0 = Release|Any CPU
		{EA7E30C1-B15B-4F93-9DDF-68E33D3F7E45}.Release|Mixed Platforms.ActiveCfg = Release|Any CPU
		{EA7E30C1-B15B-4F93-9DDF-68E33D3F7E45}.Release|Mixed Platforms.Build.0 = Release|Any CPU
		{EA7E30C1-B15B-4F93-9DDF-68E33D3F7E45}.Release|x86.ActiveCfg = Release|Any CPU
		{30857B7C-92C2-4EC2-AD3C-15510034491E}.Debug|Any CPU.ActiveCfg = Debug|Any CPU
		{30857B7C-92C2-4EC2-AD3C-15510034491E}.Debug|Any CPU.Build.0 = Debug|Any CPU
		{30857B7C-92C2-4EC2-AD3C-15510034491E}.Debug|Mixed Platforms.ActiveCfg = Debug|Any CPU
		{30857B7C-92C2-4EC2-AD3C-15510034491E}.Debug|Mixed Platforms.Build.0 = Debug|Any CPU
		{30857B7C-92C2-4EC2-AD3C-15510034491E}.Debug|x86.ActiveCfg = Debug|Any CPU
		{30857B7C-92C2-4EC2-AD3C-15510034491E}.Release|Any CPU.ActiveCfg = Release|Any CPU
		{30857B7C-92C2-4EC2-AD3C-15510034491E}.Release|Any CPU.Build.0 = Release|Any CPU
		{30857B7C-92C2-4EC2-AD3C-15510034491E}.Release|Mixed Platforms.ActiveCfg = Release|Any CPU
		{30857B7C-92C2-4EC2-AD3C-15510034491E}.Release|Mixed Platforms.Build.0 = Release|Any CPU
		{30857B7C-92C2-4EC2-AD3C-15510034491E}.Release|x86.ActiveCfg = Release|Any CPU
		{FE04D650-2365-4900-ADC7-A73FFE3FDBC2}.Debug|Any CPU.ActiveCfg = Debug|Any CPU
		{FE04D650-2365-4900-ADC7-A73FFE3FDBC2}.Debug|Any CPU.Build.0 = Debug|Any CPU
		{FE04D650-2365-4900-ADC7-A73FFE3FDBC2}.Debug|Mixed Platforms.ActiveCfg = Debug|Any CPU
		{FE04D650-2365-4900-ADC7-A73FFE3FDBC2}.Debug|Mixed Platforms.Build.0 = Debug|Any CPU
		{FE04D650-2365-4900-ADC7-A73FFE3FDBC2}.Debug|x86.ActiveCfg = Debug|Any CPU
		{FE04D650-2365-4900-ADC7-A73FFE3FDBC2}.Release|Any CPU.ActiveCfg = Release|Any CPU
		{FE04D650-2365-4900-ADC7-A73FFE3FDBC2}.Release|Any CPU.Build.0 = Release|Any CPU
		{FE04D650-2365-4900-ADC7-A73FFE3FDBC2}.Release|Mixed Platforms.ActiveCfg = Release|Any CPU
		{FE04D650-2365-4900-ADC7-A73FFE3FDBC2}.Release|Mixed Platforms.Build.0 = Release|Any CPU
		{FE04D650-2365-4900-ADC7-A73FFE3FDBC2}.Release|x86.ActiveCfg = Release|Any CPU
		{BE6CC1DF-EBB3-445C-9B70-87E578B31750}.Debug|Any CPU.ActiveCfg = Debug|Any CPU
		{BE6CC1DF-EBB3-445C-9B70-87E578B31750}.Debug|Any CPU.Build.0 = Debug|Any CPU
		{BE6CC1DF-EBB3-445C-9B70-87E578B31750}.Debug|Mixed Platforms.ActiveCfg = Debug|Any CPU
		{BE6CC1DF-EBB3-445C-9B70-87E578B31750}.Debug|Mixed Platforms.Build.0 = Debug|Any CPU
		{BE6CC1DF-EBB3-445C-9B70-87E578B31750}.Debug|x86.ActiveCfg = Debug|Any CPU
		{BE6CC1DF-EBB3-445C-9B70-87E578B31750}.Release|Any CPU.ActiveCfg = Release|Any CPU
		{BE6CC1DF-EBB3-445C-9B70-87E578B31750}.Release|Any CPU.Build.0 = Release|Any CPU
		{BE6CC1DF-EBB3-445C-9B70-87E578B31750}.Release|Mixed Platforms.ActiveCfg = Release|Any CPU
		{BE6CC1DF-EBB3-445C-9B70-87E578B31750}.Release|Mixed Platforms.Build.0 = Release|Any CPU
		{BE6CC1DF-EBB3-445C-9B70-87E578B31750}.Release|x86.ActiveCfg = Release|Any CPU
	EndGlobalSection
	GlobalSection(SolutionProperties) = preSolution
		HideSolutionNode = FALSE
	EndGlobalSection
	GlobalSection(NestedProjects) = preSolution
		{29031F54-EB9E-4E6E-8F93-699492325748} = {A7C90FD3-C643-4831-BF79-7732D14CCD06}
		{183CDA59-27FB-4B7F-BFF3-21AEC99C04A8} = {A7C90FD3-C643-4831-BF79-7732D14CCD06}
		{1F5604F5-F93B-4555-A381-EEA0481C1525} = {A7C90FD3-C643-4831-BF79-7732D14CCD06}
		{9C48FBC6-D657-4BA4-B30C-FBBC7AC0952F} = {A7C90FD3-C643-4831-BF79-7732D14CCD06}
		{AFCA14CB-C982-4DEC-83F8-698A8814B954} = {A7C90FD3-C643-4831-BF79-7732D14CCD06}
		{F732934C-A3B1-404B-942E-8FE2853D4551} = {A7C90FD3-C643-4831-BF79-7732D14CCD06}
		{5C04E98E-9BC5-4C01-B69B-8CED9A6A181B} = {A7C90FD3-C643-4831-BF79-7732D14CCD06}
		{0EBCBDAE-BBC7-4794-A425-7C4E57EA64BA} = {A7C90FD3-C643-4831-BF79-7732D14CCD06}
		{EA7E30C1-B15B-4F93-9DDF-68E33D3F7E45} = {A7C90FD3-C643-4831-BF79-7732D14CCD06}
		{BE6CC1DF-EBB3-445C-9B70-87E578B31750} = {A7C90FD3-C643-4831-BF79-7732D14CCD06}
		{D7AF9C35-2A49-431C-A6FA-73946E035F94} = {094C531D-C3F9-411A-A2EB-FAA926FDEFE8}
		{F0514D5A-704E-4212-B171-42DCDC9301D9} = {094C531D-C3F9-411A-A2EB-FAA926FDEFE8}
		{228A3D94-785B-46A4-8546-0BC3EB70D884} = {094C531D-C3F9-411A-A2EB-FAA926FDEFE8}
		{30857B7C-92C2-4EC2-AD3C-15510034491E} = {094C531D-C3F9-411A-A2EB-FAA926FDEFE8}
		{60E9E433-B824-42AB-A2C1-48AD900E5F18} = {EEB7B25C-02F7-492C-AC70-D407B3E1B71B}
		{15E163FB-CA92-4F5A-BA3E-4B559288EB37} = {EEB7B25C-02F7-492C-AC70-D407B3E1B71B}
		{86ACCE3B-A7D3-4B8A-98A8-D9ABABBCAC8A} = {EEB7B25C-02F7-492C-AC70-D407B3E1B71B}
		{FE04D650-2365-4900-ADC7-A73FFE3FDBC2} = {082A2778-280C-4A42-96AB-156D2C5B0360}
	EndGlobalSection
EndGlobal
